
Microsoft Visual Studio Solution File, Format Version 12.00
# Visual Studio Version 16
VisualStudioVersion = 16.0.30406.217
MinimumVisualStudioVersion = 10.0.40219.1
Project("{9A19103F-16F7-4668-BE54-9A1E7A4F7556}") = "Phase5", "Phase5.csproj", "{A2B96ADA-193E-4010-B49A-D009B1822A8E}"
EndProject
Project("{9A19103F-16F7-4668-BE54-9A1E7A4F7556}") = "SampleLibrary", "SampleLibrary\SampleLibrary.csproj", "{DC3C8B61-6C0F-4E6A-BAA6-D8D477F8CDEC}"
EndProject
Project("{9A19103F-16F7-4668-BE54-9A1E7A4F7556}") = "SampleLibraary.Test", "SampleLibrary.Test\SampleLibraary.Test.csproj", "{CEAD38DA-DA17-489D-A97C-DEA9FB92621D}"
EndProject
Global
	GlobalSection(SolutionConfigurationPlatforms) = preSolution
		Debug|Any CPU = Debug|Any CPU
		Release|Any CPU = Release|Any CPU
	EndGlobalSection
	GlobalSection(ProjectConfigurationPlatforms) = postSolution
		{A2B96ADA-193E-4010-B49A-D009B1822A8E}.Debug|Any CPU.ActiveCfg = Debug|Any CPU
		{A2B96ADA-193E-4010-B49A-D009B1822A8E}.Debug|Any CPU.Build.0 = Debug|Any CPU
		{A2B96ADA-193E-4010-B49A-D009B1822A8E}.Release|Any CPU.ActiveCfg = Release|Any CPU
		{A2B96ADA-193E-4010-B49A-D009B1822A8E}.Release|Any CPU.Build.0 = Release|Any CPU
		{DC3C8B61-6C0F-4E6A-BAA6-D8D477F8CDEC}.Debug|Any CPU.ActiveCfg = Debug|Any CPU
		{DC3C8B61-6C0F-4E6A-BAA6-D8D477F8CDEC}.Debug|Any CPU.Build.0 = Debug|Any CPU
		{DC3C8B61-6C0F-4E6A-BAA6-D8D477F8CDEC}.Release|Any CPU.ActiveCfg = Release|Any CPU
		{DC3C8B61-6C0F-4E6A-BAA6-D8D477F8CDEC}.Release|Any CPU.Build.0 = Release|Any CPU
		{CEAD38DA-DA17-489D-A97C-DEA9FB92621D}.Debug|Any CPU.ActiveCfg = Debug|Any CPU
		{CEAD38DA-DA17-489D-A97C-DEA9FB92621D}.Debug|Any CPU.Build.0 = Debug|Any CPU
		{CEAD38DA-DA17-489D-A97C-DEA9FB92621D}.Release|Any CPU.ActiveCfg = Release|Any CPU
		{CEAD38DA-DA17-489D-A97C-DEA9FB92621D}.Release|Any CPU.Build.0 = Release|Any CPU
	EndGlobalSection
	GlobalSection(SolutionProperties) = preSolution
		HideSolutionNode = FALSE
	EndGlobalSection
	GlobalSection(ExtensibilityGlobals) = postSolution
		SolutionGuid = {8FA95E23-7F40-4D11-AFBC-E38C31C4469A}
	EndGlobalSection
EndGlobal
