
Microsoft Visual Studio Solution File, Format Version 12.00
# Visual Studio Version 16
VisualStudioVersion = 16.0.30406.217
MinimumVisualStudioVersion = 15.0.26124.0
Project("{9A19103F-16F7-4668-BE54-9A1E7A4F7556}") = "SampleLibrary", "SampleLibrary\SampleLibrary.csproj", "{99DCF8FD-E63E-4A65-BA74-1B2B4C400F3D}"
EndProject
Project("{9A19103F-16F7-4668-BE54-9A1E7A4F7556}") = "SampleLibrary.Test", "SampleLibrary.Test\SampleLibrary.Test.csproj", "{73C5B909-F5C7-4F79-A67A-266476667B9A}"
EndProject
Global
	GlobalSection(SolutionConfigurationPlatforms) = preSolution
		Debug|Any CPU = Debug|Any CPU
		Debug|x64 = Debug|x64
		Debug|x86 = Debug|x86
		Release|Any CPU = Release|Any CPU
		Release|x64 = Release|x64
		Release|x86 = Release|x86
	EndGlobalSection
	GlobalSection(ProjectConfigurationPlatforms) = postSolution
		{99DCF8FD-E63E-4A65-BA74-1B2B4C400F3D}.Debug|Any CPU.ActiveCfg = Debug|Any CPU
		{99DCF8FD-E63E-4A65-BA74-1B2B4C400F3D}.Debug|Any CPU.Build.0 = Debug|Any CPU
		{99DCF8FD-E63E-4A65-BA74-1B2B4C400F3D}.Debug|x64.ActiveCfg = Debug|Any CPU
		{99DCF8FD-E63E-4A65-BA74-1B2B4C400F3D}.Debug|x64.Build.0 = Debug|Any CPU
		{99DCF8FD-E63E-4A65-BA74-1B2B4C400F3D}.Debug|x86.ActiveCfg = Debug|Any CPU
		{99DCF8FD-E63E-4A65-BA74-1B2B4C400F3D}.Debug|x86.Build.0 = Debug|Any CPU
		{99DCF8FD-E63E-4A65-BA74-1B2B4C400F3D}.Release|Any CPU.ActiveCfg = Release|Any CPU
		{99DCF8FD-E63E-4A65-BA74-1B2B4C400F3D}.Release|Any CPU.Build.0 = Release|Any CPU
		{99DCF8FD-E63E-4A65-BA74-1B2B4C400F3D}.Release|x64.ActiveCfg = Release|Any CPU
		{99DCF8FD-E63E-4A65-BA74-1B2B4C400F3D}.Release|x64.Build.0 = Release|Any CPU
		{99DCF8FD-E63E-4A65-BA74-1B2B4C400F3D}.Release|x86.ActiveCfg = Release|Any CPU
		{99DCF8FD-E63E-4A65-BA74-1B2B4C400F3D}.Release|x86.Build.0 = Release|Any CPU
		{73C5B909-F5C7-4F79-A67A-266476667B9A}.Debug|Any CPU.ActiveCfg = Debug|Any CPU
		{73C5B909-F5C7-4F79-A67A-266476667B9A}.Debug|Any CPU.Build.0 = Debug|Any CPU
		{73C5B909-F5C7-4F79-A67A-266476667B9A}.Debug|x64.ActiveCfg = Debug|Any CPU
		{73C5B909-F5C7-4F79-A67A-266476667B9A}.Debug|x64.Build.0 = Debug|Any CPU
		{73C5B909-F5C7-4F79-A67A-266476667B9A}.Debug|x86.ActiveCfg = Debug|Any CPU
		{73C5B909-F5C7-4F79-A67A-266476667B9A}.Debug|x86.Build.0 = Debug|Any CPU
		{73C5B909-F5C7-4F79-A67A-266476667B9A}.Release|Any CPU.ActiveCfg = Release|Any CPU
		{73C5B909-F5C7-4F79-A67A-266476667B9A}.Release|Any CPU.Build.0 = Release|Any CPU
		{73C5B909-F5C7-4F79-A67A-266476667B9A}.Release|x64.ActiveCfg = Release|Any CPU
		{73C5B909-F5C7-4F79-A67A-266476667B9A}.Release|x64.Build.0 = Release|Any CPU
		{73C5B909-F5C7-4F79-A67A-266476667B9A}.Release|x86.ActiveCfg = Release|Any CPU
		{73C5B909-F5C7-4F79-A67A-266476667B9A}.Release|x86.Build.0 = Release|Any CPU
	EndGlobalSection
	GlobalSection(SolutionProperties) = preSolution
		HideSolutionNode = FALSE
	EndGlobalSection
	GlobalSection(ExtensibilityGlobals) = postSolution
		SolutionGuid = {9132B2DB-A0D8-4DE1-87AC-D78E7D5FA2CA}
	EndGlobalSection
EndGlobal
