
Microsoft Visual Studio Solution File, Format Version 12.00
# Visual Studio Version 16
VisualStudioVersion = 16.0.30413.136
MinimumVisualStudioVersion = 10.0.40219.1
Project("{9A19103F-16F7-4668-BE54-9A1E7A4F7556}") = "Phase8", "Phase8.csproj", "{7A0B34A7-DCA6-4FA1-9420-222A49E31814}"
EndProject
Global
	GlobalSection(SolutionConfigurationPlatforms) = preSolution
		Debug|Any CPU = Debug|Any CPU
		Release|Any CPU = Release|Any CPU
	EndGlobalSection
	GlobalSection(ProjectConfigurationPlatforms) = postSolution
		{7A0B34A7-DCA6-4FA1-9420-222A49E31814}.Debug|Any CPU.ActiveCfg = Debug|Any CPU
		{7A0B34A7-DCA6-4FA1-9420-222A49E31814}.Debug|Any CPU.Build.0 = Debug|Any CPU
		{7A0B34A7-DCA6-4FA1-9420-222A49E31814}.Release|Any CPU.ActiveCfg = Release|Any CPU
		{7A0B34A7-DCA6-4FA1-9420-222A49E31814}.Release|Any CPU.Build.0 = Release|Any CPU
	EndGlobalSection
	GlobalSection(SolutionProperties) = preSolution
		HideSolutionNode = FALSE
	EndGlobalSection
	GlobalSection(ExtensibilityGlobals) = postSolution
		SolutionGuid = {A048BA05-13F5-422A-AD4D-C3A28BF5453B}
	EndGlobalSection
EndGlobal
